Microsoft Visual Studio Solution File, Format Version 12.00
# Visual Studio Version 17
VisualStudioVersion = 17.5.2.0
MinimumVisualStudioVersion = 10.0.40219.1
Project("{FAE04EC0-301F-11D3-BF4B-00C04F79EFBC}") = "InventoryPlus", "InventoryPlus.csproj", "{3EFB1B2F-A213-A6AE-D4FC-CFA6C91DAAEC}"
EndProject
Global
	GlobalSection(SolutionConfigurationPlatforms) = preSolution
		Debug|Any CPU = Debug|Any CPU
		Release|Any CPU = Release|Any CPU
	EndGlobalSection
	GlobalSection(ProjectConfigurationPlatforms) = postSolution
		{3EFB1B2F-A213-A6AE-D4FC-CFA6C91DAAEC}.Debug|Any CPU.ActiveCfg = Debug|Any CPU
		{3EFB1B2F-A213-A6AE-D4FC-CFA6C91DAAEC}.Debug|Any CPU.Build.0 = Debug|Any CPU
		{3EFB1B2F-A213-A6AE-D4FC-CFA6C91DAAEC}.Release|Any CPU.ActiveCfg = Release|Any CPU
		{3EFB1B2F-A213-A6AE-D4FC-CFA6C91DAAEC}.Release|Any CPU.Build.0 = Release|Any CPU
	EndGlobalSection
	GlobalSection(SolutionProperties) = preSolution
		HideSolutionNode = FALSE
	EndGlobalSection
	GlobalSection(ExtensibilityGlobals) = postSolution
		SolutionGuid = {17A464BB-01F8-4ABE-BE4A-8D71E2D01B95}
	EndGlobalSection
EndGlobal
